<?xml version="1.0" encoding="UTF-8" standalone="yes" ?>
<CodeBlocks_project_file>
   <FileVersion major="1" minor="6" />
   <Project>
      <Option title="AlgorithmMultiplication" />
      <Option makefile_is_custom="1" />
      <Option compiler="gcc" />
      <Option virtualFolders="CMake Files\;CMake Files\AlgorithmMultiplication\;" />
      <Build>
      <Target title="all">
         <Option working_dir="/home/grzegorz/Projekty/Matrices/build-Matrices-Desktop-Domyślna/AlgorithmMultiplication" />
         <Option type="4" />
         <MakeCommands>
            <Build command="/usr/bin/make -f &quot;/home/grzegorz/Projekty/Matrices/build-Matrices-Desktop-Domyślna/AlgorithmMultiplication/Makefile&quot;  VERBOSE=1 all" />
            <CompileFile command="/usr/bin/make -f &quot;/home/grzegorz/Projekty/Matrices/build-Matrices-Desktop-Domyślna/AlgorithmMultiplication/Makefile&quot;  VERBOSE=1 &quot;$file&quot;" />
            <Clean command="/usr/bin/make -f &quot;/home/grzegorz/Projekty/Matrices/build-Matrices-Desktop-Domyślna/AlgorithmMultiplication/Makefile&quot;  VERBOSE=1 clean" />
            <DistClean command="/usr/bin/make -f &quot;/home/grzegorz/Projekty/Matrices/build-Matrices-Desktop-Domyślna/AlgorithmMultiplication/Makefile&quot;  VERBOSE=1 clean" />
         </MakeCommands>
      </Target>
      <Target title="AlgorithmMultiplication">
         <Option output="/home/grzegorz/Projekty/Matrices/build-Matrices-Desktop-Domyślna/AlgorithmMultiplication/AlgorithmMultiplication" prefix_auto="0" extension_auto="0" />
         <Option working_dir="/home/grzegorz/Projekty/Matrices/build-Matrices-Desktop-Domyślna/AlgorithmMultiplication" />
         <Option object_output="./" />
         <Option type="1" />
         <Option compiler="gcc" />
         <Compiler>
            <Add directory="/usr/include" />
            <Add directory="/usr/include/c++/5" />
            <Add directory="/usr/include/c++/5/backward" />
            <Add directory="/usr/include/x86_64-linux-gnu" />
            <Add directory="/usr/include/x86_64-linux-gnu/c++/5" />
            <Add directory="/usr/lib/gcc/x86_64-linux-gnu/5/include" />
            <Add directory="/usr/lib/gcc/x86_64-linux-gnu/5/include-fixed" />
            <Add directory="/usr/local/include" />
         </Compiler>
         <MakeCommands>
            <Build command="/usr/bin/make -f &quot;/home/grzegorz/Projekty/Matrices/build-Matrices-Desktop-Domyślna/AlgorithmMultiplication/Makefile&quot;  VERBOSE=1 AlgorithmMultiplication" />
            <CompileFile command="/usr/bin/make -f &quot;/home/grzegorz/Projekty/Matrices/build-Matrices-Desktop-Domyślna/AlgorithmMultiplication/Makefile&quot;  VERBOSE=1 &quot;$file&quot;" />
            <Clean command="/usr/bin/make -f &quot;/home/grzegorz/Projekty/Matrices/build-Matrices-Desktop-Domyślna/AlgorithmMultiplication/Makefile&quot;  VERBOSE=1 clean" />
            <DistClean command="/usr/bin/make -f &quot;/home/grzegorz/Projekty/Matrices/build-Matrices-Desktop-Domyślna/AlgorithmMultiplication/Makefile&quot;  VERBOSE=1 clean" />
         </MakeCommands>
      </Target>
      <Target title="AlgorithmMultiplication/fast">
         <Option output="/home/grzegorz/Projekty/Matrices/build-Matrices-Desktop-Domyślna/AlgorithmMultiplication/AlgorithmMultiplication" prefix_auto="0" extension_auto="0" />
         <Option working_dir="/home/grzegorz/Projekty/Matrices/build-Matrices-Desktop-Domyślna/AlgorithmMultiplication" />
         <Option object_output="./" />
         <Option type="1" />
         <Option compiler="gcc" />
         <Compiler>
            <Add directory="/usr/include" />
            <Add directory="/usr/include/c++/5" />
            <Add directory="/usr/include/c++/5/backward" />
            <Add directory="/usr/include/x86_64-linux-gnu" />
            <Add directory="/usr/include/x86_64-linux-gnu/c++/5" />
            <Add directory="/usr/lib/gcc/x86_64-linux-gnu/5/include" />
            <Add directory="/usr/lib/gcc/x86_64-linux-gnu/5/include-fixed" />
            <Add directory="/usr/local/include" />
         </Compiler>
         <MakeCommands>
            <Build command="/usr/bin/make -f &quot;/home/grzegorz/Projekty/Matrices/build-Matrices-Desktop-Domyślna/AlgorithmMultiplication/Makefile&quot;  VERBOSE=1 AlgorithmMultiplication/fast" />
            <CompileFile command="/usr/bin/make -f &quot;/home/grzegorz/Projekty/Matrices/build-Matrices-Desktop-Domyślna/AlgorithmMultiplication/Makefile&quot;  VERBOSE=1 &quot;$file&quot;" />
            <Clean command="/usr/bin/make -f &quot;/home/grzegorz/Projekty/Matrices/build-Matrices-Desktop-Domyślna/AlgorithmMultiplication/Makefile&quot;  VERBOSE=1 clean" />
            <DistClean command="/usr/bin/make -f &quot;/home/grzegorz/Projekty/Matrices/build-Matrices-Desktop-Domyślna/AlgorithmMultiplication/Makefile&quot;  VERBOSE=1 clean" />
         </MakeCommands>
      </Target>
      </Build>
      <Unit filename="/home/grzegorz/Projekty/Matrices/Matrices/CMakeLists.txt">
          <Option virtualFolder="CMake Files\" />
      </Unit>
      <Unit filename="/home/grzegorz/Projekty/Matrices/Matrices/AlgorithmMultiplication/CMakeLists.txt">
          <Option virtualFolder="CMake Files\AlgorithmMultiplication\" />
      </Unit>
      <Unit filename="/home/grzegorz/Projekty/Matrices/Matrices/AlgorithmMultiplication/CMakeLists.txt">
          <Option virtualFolder="CMake Files\AlgorithmMultiplication\" />
      </Unit>
   </Project>
</CodeBlocks_project_file>
